
Microsoft Visual Studio Solution File, Format Version 12.00
# Visual Studio Version 17
VisualStudioVersion = 17.7.34221.43
MinimumVisualStudioVersion = 10.0.40219.1
Project("{9A19103F-16F7-4668-BE54-9A1E7A4F7556}") = "ClassLibrary2", "ClassLibrary2\ClassLibrary2.csproj", "{76EA0A2D-2D6B-4081-AB80-D23F32EA8AB8}"
EndProject
Project("{FAE04EC0-301F-11D3-BF4B-00C04F79EFBC}") = "WinFormsApp1", "WinFormsApp1\WinFormsApp1.csproj", "{82D8C5EE-6A60-4D5B-ADA6-AC2EFAB9EC50}"
EndProject
Global
	GlobalSection(SolutionConfigurationPlatforms) = preSolution
		Debug|Any CPU = Debug|Any CPU
		Release|Any CPU = Release|Any CPU
	EndGlobalSection
	GlobalSection(ProjectConfigurationPlatforms) = postSolution
		{76EA0A2D-2D6B-4081-AB80-D23F32EA8AB8}.Debug|Any CPU.ActiveCfg = Debug|Any CPU
		{76EA0A2D-2D6B-4081-AB80-D23F32EA8AB8}.Debug|Any CPU.Build.0 = Debug|Any CPU
		{76EA0A2D-2D6B-4081-AB80-D23F32EA8AB8}.Release|Any CPU.ActiveCfg = Release|Any CPU
		{76EA0A2D-2D6B-4081-AB80-D23F32EA8AB8}.Release|Any CPU.Build.0 = Release|Any CPU
		{82D8C5EE-6A60-4D5B-ADA6-AC2EFAB9EC50}.Debug|Any CPU.ActiveCfg = Debug|Any CPU
		{82D8C5EE-6A60-4D5B-ADA6-AC2EFAB9EC50}.Debug|Any CPU.Build.0 = Debug|Any CPU
		{82D8C5EE-6A60-4D5B-ADA6-AC2EFAB9EC50}.Release|Any CPU.ActiveCfg = Release|Any CPU
		{82D8C5EE-6A60-4D5B-ADA6-AC2EFAB9EC50}.Release|Any CPU.Build.0 = Release|Any CPU
	EndGlobalSection
	GlobalSection(SolutionProperties) = preSolution
		HideSolutionNode = FALSE
	EndGlobalSection
	GlobalSection(ExtensibilityGlobals) = postSolution
		SolutionGuid = {B32FFE7A-3392-4DBD-BABD-DC157152968F}
	EndGlobalSection
EndGlobal
